
Microsoft Visual Studio Solution File, Format Version 12.00
# Visual Studio Version 17
VisualStudioVersion = 17.7.34221.43
MinimumVisualStudioVersion = 10.0.40219.1
Project("{FAE04EC0-301F-11D3-BF4B-00C04F79EFBC}") = "G2_Proyecto_SC601", "G2_Proyecto_SC601\G2_Proyecto_SC601.csproj", "{A2753A31-1282-47C4-964C-5496AB78BCE6}"
EndProject
Global
	GlobalSection(SolutionConfigurationPlatforms) = preSolution
		Debug|Any CPU = Debug|Any CPU
		Release|Any CPU = Release|Any CPU
	EndGlobalSection
	GlobalSection(ProjectConfigurationPlatforms) = postSolution
		{A2753A31-1282-47C4-964C-5496AB78BCE6}.Debug|Any CPU.ActiveCfg = Debug|Any CPU
		{A2753A31-1282-47C4-964C-5496AB78BCE6}.Debug|Any CPU.Build.0 = Debug|Any CPU
		{A2753A31-1282-47C4-964C-5496AB78BCE6}.Release|Any CPU.ActiveCfg = Release|Any CPU
		{A2753A31-1282-47C4-964C-5496AB78BCE6}.Release|Any CPU.Build.0 = Release|Any CPU
	EndGlobalSection
	GlobalSection(SolutionProperties) = preSolution
		HideSolutionNode = FALSE
	EndGlobalSection
	GlobalSection(ExtensibilityGlobals) = postSolution
		SolutionGuid = {19E39AA0-467C-4D80-A803-BFEFD5168266}
	EndGlobalSection
EndGlobal
